
Microsoft Visual Studio Solution File, Format Version 12.00
# Visual Studio Version 17
VisualStudioVersion = 17.0.32112.339
MinimumVisualStudioVersion = 10.0.40219.1
Project("{9A19103F-16F7-4668-BE54-9A1E7A4F7556}") = "StructuredProject", "StructuredProject\StructuredProject.csproj", "{3B416172-A636-47B3-9E63-10D1B7F45160}"
EndProject
Project("{9A19103F-16F7-4668-BE54-9A1E7A4F7556}") = "CKK.Logic", "CKK.Logic\CKK.Logic.csproj", "{C82F3370-2928-4BD9-AE78-32119E78179D}"
EndProject
Project("{9A19103F-16F7-4668-BE54-9A1E7A4F7556}") = "CKK.test", "CKK.test\CKK.test.csproj", "{DBDF1FC3-75A0-42F5-8E1D-34AB8BE26F85}"
EndProject
Project("{9A19103F-16F7-4668-BE54-9A1E7A4F7556}") = "CKK.UI", "CKK.UI\CKK.UI.csproj", "{98D65D7C-45D5-4DC6-808C-C93C706ADFFF}"
EndProject
Global
	GlobalSection(SolutionConfigurationPlatforms) = preSolution
		Debug|Any CPU = Debug|Any CPU
		Release|Any CPU = Release|Any CPU
	EndGlobalSection
	GlobalSection(ProjectConfigurationPlatforms) = postSolution
		{3B416172-A636-47B3-9E63-10D1B7F45160}.Debug|Any CPU.ActiveCfg = Debug|Any CPU
		{3B416172-A636-47B3-9E63-10D1B7F45160}.Debug|Any CPU.Build.0 = Debug|Any CPU
		{3B416172-A636-47B3-9E63-10D1B7F45160}.Release|Any CPU.ActiveCfg = Release|Any CPU
		{3B416172-A636-47B3-9E63-10D1B7F45160}.Release|Any CPU.Build.0 = Release|Any CPU
		{C82F3370-2928-4BD9-AE78-32119E78179D}.Debug|Any CPU.ActiveCfg = Debug|Any CPU
		{C82F3370-2928-4BD9-AE78-32119E78179D}.Debug|Any CPU.Build.0 = Debug|Any CPU
		{C82F3370-2928-4BD9-AE78-32119E78179D}.Release|Any CPU.ActiveCfg = Release|Any CPU
		{C82F3370-2928-4BD9-AE78-32119E78179D}.Release|Any CPU.Build.0 = Release|Any CPU
		{DBDF1FC3-75A0-42F5-8E1D-34AB8BE26F85}.Debug|Any CPU.ActiveCfg = Debug|Any CPU
		{DBDF1FC3-75A0-42F5-8E1D-34AB8BE26F85}.Debug|Any CPU.Build.0 = Debug|Any CPU
		{DBDF1FC3-75A0-42F5-8E1D-34AB8BE26F85}.Release|Any CPU.ActiveCfg = Release|Any CPU
		{DBDF1FC3-75A0-42F5-8E1D-34AB8BE26F85}.Release|Any CPU.Build.0 = Release|Any CPU
		{98D65D7C-45D5-4DC6-808C-C93C706ADFFF}.Debug|Any CPU.ActiveCfg = Debug|Any CPU
		{98D65D7C-45D5-4DC6-808C-C93C706ADFFF}.Debug|Any CPU.Build.0 = Debug|Any CPU
		{98D65D7C-45D5-4DC6-808C-C93C706ADFFF}.Release|Any CPU.ActiveCfg = Release|Any CPU
		{98D65D7C-45D5-4DC6-808C-C93C706ADFFF}.Release|Any CPU.Build.0 = Release|Any CPU
	EndGlobalSection
	GlobalSection(SolutionProperties) = preSolution
		HideSolutionNode = FALSE
	EndGlobalSection
	GlobalSection(ExtensibilityGlobals) = postSolution
		SolutionGuid = {DD948B84-CBE4-4A10-9B6C-9CAF0B075BF7}
	EndGlobalSection
EndGlobal
